
Microsoft Visual Studio Solution File, Format Version 12.00
# Visual Studio 14
VisualStudioVersion = 14.0.23107.0
MinimumVisualStudioVersion = 10.0.40219.1
Project("{A81B4A23-AF18-4B01-8944-84D6FB3D4B47}") = "DropDownSample", "DropDownSample\DropDownSample.iceproj", "{0C581AAE-E414-4965-B372-C3A67D0DD821}"
EndProject
Global
	GlobalSection(SolutionConfigurationPlatforms) = preSolution
		Debug|Any CPU = Debug|Any CPU
		Release|Any CPU = Release|Any CPU
	EndGlobalSection
	GlobalSection(ProjectConfigurationPlatforms) = postSolution
		{0C581AAE-E414-4965-B372-C3A67D0DD821}.Debug|Any CPU.ActiveCfg = Debug|Any CPU
		{0C581AAE-E414-4965-B372-C3A67D0DD821}.Debug|Any CPU.Build.0 = Debug|Any CPU
		{0C581AAE-E414-4965-B372-C3A67D0DD821}.Release|Any CPU.ActiveCfg = Release|Any CPU
		{0C581AAE-E414-4965-B372-C3A67D0DD821}.Release|Any CPU.Build.0 = Release|Any CPU
	EndGlobalSection
	GlobalSection(SolutionProperties) = preSolution
		HideSolutionNode = FALSE
	EndGlobalSection
EndGlobal
